// !$*UTF8*$!
{
	archiveVersion = 1;
	classes = {
	};
	objectVersion = 50;
	objects = {

/* Begin PBXBuildFile section */
		257E0B6421085FCF00CC39F0 /* AppDelegate.swift in Sources */ = {isa = PBXBuildFile; fileRef = 257E0B6321085FCF00CC39F0 /* AppDelegate.swift */; };
		257E0B6621085FCF00CC39F0 /* ViewController.swift in Sources */ = {isa = PBXBuildFile; fileRef = 257E0B6521085FCF00CC39F0 /* ViewController.swift */; };
		257E0B6921085FCF00CC39F0 /* Main.storyboard in Resources */ = {isa = PBXBuildFile; fileRef = 257E0B6721085FCF00CC39F0 /* Main.storyboard */; };
		257E0B6B21085FD100CC39F0 /* Assets.xcassets in Resources */ = {isa = PBXBuildFile; fileRef = 257E0B6A21085FD100CC39F0 /* Assets.xcassets */; };
		257E0B6E21085FD100CC39F0 /* LaunchScreen.storyboard in Resources */ = {isa = PBXBuildFile; fileRef = 257E0B6C21085FD100CC39F0 /* LaunchScreen.storyboard */; };
		257E0B7921085FD100CC39F0 /* PokedexTests.swift in Sources */ = {isa = PBXBuildFile; fileRef = 257E0B7821085FD100CC39F0 /* PokedexTests.swift */; };
		257E0B8421085FD100CC39F0 /* PokedexUITests.swift in Sources */ = {isa = PBXBuildFile; fileRef = 257E0B8321085FD100CC39F0 /* PokedexUITests.swift */; };
/* End PBXBuildFile section */

/* Begin PBXContainerItemProxy section */
		257E0B7521085FD100CC39F0 /* PBXContainerItemProxy */ = {
			isa = PBXContainerItemProxy;
			containerPortal = 257E0B5821085FCF00CC39F0 /* Project object */;
			proxyType = 1;
			remoteGlobalIDString = 257E0B5F21085FCF00CC39F0;
			remoteInfo = Pokedex;
		};
		257E0B8021085FD100CC39F0 /* PBXContainerItemProxy */ = {
			isa = PBXContainerItemProxy;
			containerPortal = 257E0B5821085FCF00CC39F0 /* Project object */;
			proxyType = 1;
			remoteGlobalIDString = 257E0B5F21085FCF00CC39F0;
			remoteInfo = Pokedex;
		};
/* End PBXContainerItemProxy section */

/* Begin PBXFileReference section */
		257E0B6021085FCF00CC39F0 /* Pokedex.app */ = {isa = PBXFileReference; explicitFileType = wrapper.application; includeInIndex = 0; path = Pokedex.app; sourceTree = BUILT_PRODUCTS_DIR; };
		257E0B6321085FCF00CC39F0 /* AppDelegate.swift */ = {isa = PBXFileReference; lastKnownFileType = sourcecode.swift; path = AppDelegate.swift; sourceTree = "<group>"; };
		257E0B6521085FCF00CC39F0 /* ViewController.swift */ = {isa = PBXFileReference; lastKnownFileType = sourcecode.swift; path = ViewController.swift; sourceTree = "<group>"; };
		257E0B6821085FCF00CC39F0 /* Base */ = {isa = PBXFileReference; lastKnownFileType = file.storyboard; name = Base; path = Base.lproj/Main.storyboard; sourceTree = "<group>"; };
		257E0B6A21085FD100CC39F0 /* Assets.xcassets */ = {isa = PBXFileReference; lastKnownFileType = folder.assetcatalog; path = Assets.xcassets; sourceTree = "<group>"; };
		257E0B6D21085FD100CC39F0 /* Base */ = {isa = PBXFileReference; lastKnownFileType = file.storyboard; name = Base; path = Base.lproj/LaunchScreen.storyboard; sourceTree = "<group>"; };
		257E0B6F21085FD100CC39F0 /* Info.plist */ = {isa = PBXFileReference; lastKnownFileType = text.plist.xml; path = Info.plist; sourceTree = "<group>"; };
		257E0B7421085FD100CC39F0 /* PokedexTests.xctest */ = {isa = PBXFileReference; explicitFileType = wrapper.cfbundle; includeInIndex = 0; path = PokedexTests.xctest; sourceTree = BUILT_PRODUCTS_DIR; };
		257E0B7821085FD100CC39F0 /* PokedexTests.swift */ = {isa = PBXFileReference; lastKnownFileType = sourcecode.swift; path = PokedexTests.swift; sourceTree = "<group>"; };
		257E0B7A21085FD100CC39F0 /* Info.plist */ = {isa = PBXFileReference; lastKnownFileType = text.plist.xml; path = Info.plist; sourceTree = "<group>"; };
		257E0B7F21085FD100CC39F0 /* PokedexUITests.xctest */ = {isa = PBXFileReference; explicitFileType = wrapper.cfbundle; includeInIndex = 0; path = PokedexUITests.xctest; sourceTree = BUILT_PRODUCTS_DIR; };
		257E0B8321085FD100CC39F0 /* PokedexUITests.swift */ = {isa = PBXFileReference; lastKnownFileType = sourcecode.swift; path = PokedexUITests.swift; sourceTree = "<group>"; };
		257E0B8521085FD100CC39F0 /* Info.plist */ = {isa = PBXFileReference; lastKnownFileType = text.plist.xml; path = Info.plist; sourceTree = "<group>"; };
/* End PBXFileReference section */

/* Begin PBXFrameworksBuildPhase section */
		257E0B5D21085FCF00CC39F0 /* Frameworks */ = {
			isa = PBXFrameworksBuildPhase;
			buildActionMask = 2147483647;
			files = (
			);
			runOnlyForDeploymentPostprocessing = 0;
		};
		257E0B7121085FD100CC39F0 /* Frameworks */ = {
			isa = PBXFrameworksBuildPhase;
			buildActionMask = 2147483647;
			files = (
			);
			runOnlyForDeploymentPostprocessing = 0;
		};
		257E0B7C21085FD100CC39F0 /* Frameworks */ = {
			isa = PBXFrameworksBuildPhase;
			buildActionMask = 2147483647;
			files = (
			);
			runOnlyForDeploymentPostprocessing = 0;
		};
/* End PBXFrameworksBuildPhase section */

/* Begin PBXGroup section */
		257E0B5721085FCF00CC39F0 = {
			isa = PBXGroup;
			children = (
				257E0B6221085FCF00CC39F0 /* Pokedex */,
				257E0B7721085FD100CC39F0 /* PokedexTests */,
				257E0B8221085FD100CC39F0 /* PokedexUITests */,
				257E0B6121085FCF00CC39F0 /* Products */,
			);
			sourceTree = "<group>";
		};
		257E0B6121085FCF00CC39F0 /* Products */ = {
			isa = PBXGroup;
			children = (
				257E0B6021085FCF00CC39F0 /* Pokedex.app */,
				257E0B7421085FD100CC39F0 /* PokedexTests.xctest */,
				257E0B7F21085FD100CC39F0 /* PokedexUITests.xctest */,
			);
			name = Products;
			sourceTree = "<group>";
		};
		257E0B6221085FCF00CC39F0 /* Pokedex */ = {
			isa = PBXGroup;
			children = (
				257E0B6321085FCF00CC39F0 /* AppDelegate.swift */,
				257E0B6521085FCF00CC39F0 /* ViewController.swift */,
				257E0B6721085FCF00CC39F0 /* Main.storyboard */,
				257E0B6A21085FD100CC39F0 /* Assets.xcassets */,
				257E0B6C21085FD100CC39F0 /* LaunchScreen.storyboard */,
				257E0B6F21085FD100CC39F0 /* Info.plist */,
			);
			path = Pokedex;
			sourceTree = "<group>";
		};
		257E0B7721085FD100CC39F0 /* PokedexTests */ = {
			isa = PBXGroup;
			children = (
				257E0B7821085FD100CC39F0 /* PokedexTests.swift */,
				257E0B7A21085FD100CC39F0 /* Info.plist */,
			);
			path = PokedexTests;
			sourceTree = "<group>";
		};
		257E0B8221085FD100CC39F0 /* PokedexUITests */ = {
			isa = PBXGroup;
			children = (
				257E0B8321085FD100CC39F0 /* PokedexUITests.swift */,
				257E0B8521085FD100CC39F0 /* Info.plist */,
			);
			path = PokedexUITests;
			sourceTree = "<group>";
		};
/* End PBXGroup section */

/* Begin PBXNativeTarget section */
		257E0B5F21085FCF00CC39F0 /* Pokedex */ = {
			isa = PBXNativeTarget;
			buildConfigurationList = 257E0B8821085FD100CC39F0 /* Build configuration list for PBXNativeTarget "Pokedex" */;
			buildPhases = (
				257E0B5C21085FCF00CC39F0 /* Sources */,
				257E0B5D21085FCF00CC39F0 /* Frameworks */,
				257E0B5E21085FCF00CC39F0 /* Resources */,
			);
			buildRules = (
			);
			dependencies = (
			);
			name = Pokedex;
			productName = Pokedex;
			productReference = 257E0B6021085FCF00CC39F0 /* Pokedex.app */;
			productType = "com.apple.product-type.application";
		};
		257E0B7321085FD100CC39F0 /* PokedexTests */ = {
			isa = PBXNativeTarget;
			buildConfigurationList = 257E0B8B21085FD100CC39F0 /* Build configuration list for PBXNativeTarget "PokedexTests" */;
			buildPhases = (
				257E0B7021085FD100CC39F0 /* Sources */,
				257E0B7121085FD100CC39F0 /* Frameworks */,
				257E0B7221085FD100CC39F0 /* Resources */,
			);
			buildRules = (
			);
			dependencies = (
				257E0B7621085FD100CC39F0 /* PBXTargetDependency */,
			);
			name = PokedexTests;
			productName = PokedexTests;
			productReference = 257E0B7421085FD100CC39F0 /* PokedexTests.xctest */;
			productType = "com.apple.product-type.bundle.unit-test";
		};
		257E0B7E21085FD100CC39F0 /* PokedexUITests */ = {
			isa = PBXNativeTarget;
			buildConfigurationList = 257E0B8E21085FD100CC39F0 /* Build configuration list for PBXNativeTarget "PokedexUITests" */;
			buildPhases = (
				257E0B7B21085FD100CC39F0 /* Sources */,
				257E0B7C21085FD100CC39F0 /* Frameworks */,
				257E0B7D21085FD100CC39F0 /* Resources */,
			);
			buildRules = (
			);
			dependencies = (
				257E0B8121085FD100CC39F0 /* PBXTargetDependency */,
			);
			name = PokedexUITests;
			productName = PokedexUITests;
			productReference = 257E0B7F21085FD100CC39F0 /* PokedexUITests.xctest */;
			productType = "com.apple.product-type.bundle.ui-testing";
		};
/* End PBXNativeTarget section */

/* Begin PBXProject section */
		257E0B5821085FCF00CC39F0 /* Project object */ = {
			isa = PBXProject;
			attributes = {
				LastSwiftUpdateCheck = 0940;
				LastUpgradeCheck = 0940;
				ORGANIZATIONNAME = LTT;
				TargetAttributes = {
					257E0B5F21085FCF00CC39F0 = {
						CreatedOnToolsVersion = 9.4.1;
					};
					257E0B7321085FD100CC39F0 = {
						CreatedOnToolsVersion = 9.4.1;
						TestTargetID = 257E0B5F21085FCF00CC39F0;
					};
					257E0B7E21085FD100CC39F0 = {
						CreatedOnToolsVersion = 9.4.1;
						TestTargetID = 257E0B5F21085FCF00CC39F0;
					};
				};
			};
			buildConfigurationList = 257E0B5B21085FCF00CC39F0 /* Build configuration list for PBXProject "Pokedex" */;
			compatibilityVersion = "Xcode 9.3";
			developmentRegion = en;
			hasScannedForEncodings = 0;
			knownRegions = (
				en,
				Base,
			);
			mainGroup = 257E0B5721085FCF00CC39F0;
			productRefGroup = 257E0B6121085FCF00CC39F0 /* Products */;
			projectDirPath = "";
			projectRoot = "";
			targets = (
				257E0B5F21085FCF00CC39F0 /* Pokedex */,
				257E0B7321085FD100CC39F0 /* PokedexTests */,
				257E0B7E21085FD100CC39F0 /* PokedexUITests */,
			);
		};
/* End PBXProject section */

/* Begin PBXResourcesBuildPhase section */
		257E0B5E21085FCF00CC39F0 /* Resources */ = {
			isa = PBXResourcesBuildPhase;
			buildActionMask = 2147483647;
			files = (
				257E0B6E21085FD100CC39F0 /* LaunchScreen.storyboard in Resources */,
				257E0B6B21085FD100CC39F0 /* Assets.xcassets in Resources */,
				257E0B6921085FCF00CC39F0 /* Main.storyboard in Resources */,
			);
			runOnlyForDeploymentPostprocessing = 0;
		};
		257E0B7221085FD100CC39F0 /* Resources */ = {
			isa = PBXResourcesBuildPhase;
			buildActionMask = 2147483647;
			files = (
			);
			runOnlyForDeploymentPostprocessing = 0;
		};
		257E0B7D21085FD100CC39F0 /* Resources */ = {
			isa = PBXResourcesBuildPhase;
			buildActionMask = 2147483647;
			files = (
			);
			runOnlyForDeploymentPostprocessing = 0;
		};
/* End PBXResourcesBuildPhase section */

/* Begin PBXSourcesBuildPhase section */
		257E0B5C21085FCF00CC39F0 /* Sources */ = {
			isa = PBXSourcesBuildPhase;
			buildActionMask = 2147483647;
			files = (
				257E0B6621085FCF00CC39F0 /* ViewController.swift in Sources */,
				257E0B6421085FCF00CC39F0 /* AppDelegate.swift in Sources */,
			);
			runOnlyForDeploymentPostprocessing = 0;
		};
		257E0B7021085FD100CC39F0 /* Sources */ = {
			isa = PBXSourcesBuildPhase;
			buildActionMask = 2147483647;
			files = (
				257E0B7921085FD100CC39F0 /* PokedexTests.swift in Sources */,
			);
			runOnlyForDeploymentPostprocessing = 0;
		};
		257E0B7B21085FD100CC39F0 /* Sources */ = {
			isa = PBXSourcesBuildPhase;
			buildActionMask = 2147483647;
			files = (
				257E0B8421085FD100CC39F0 /* PokedexUITests.swift in Sources */,
			);
			runOnlyForDeploymentPostprocessing = 0;
		};
/* End PBXSourcesBuildPhase section */

/* Begin PBXTargetDependency section */
		257E0B7621085FD100CC39F0 /* PBXTargetDependency */ = {
			isa = PBXTargetDependency;
			target = 257E0B5F21085FCF00CC39F0 /* Pokedex */;
			targetProxy = 257E0B7521085FD100CC39F0 /* PBXContainerItemProxy */;
		};
		257E0B8121085FD100CC39F0 /* PBXTargetDependency */ = {
			isa = PBXTargetDependency;
			target = 257E0B5F21085FCF00CC39F0 /* Pokedex */;
			targetProxy = 257E0B8021085FD100CC39F0 /* PBXContainerItemProxy */;
		};
/* End PBXTargetDependency section */

/* Begin PBXVariantGroup section */
		257E0B6721085FCF00CC39F0 /* Main.storyboard */ = {
			isa = PBXVariantGroup;
			children = (
				257E0B6821085FCF00CC39F0 /* Base */,
			);
			name = Main.storyboard;
			sourceTree = "<group>";
		};
		257E0B6C21085FD100CC39F0 /* LaunchScreen.storyboard */ = {
			isa = PBXVariantGroup;
			children = (
				257E0B6D21085FD100CC39F0 /* Base */,
			);
			name = LaunchScreen.storyboard;
			sourceTree = "<group>";
		};
/* End PBXVariantGroup section */

/* Begin XCBuildConfiguration section */
		257E0B8621085FD100CC39F0 /* Debug */ = {
			isa = XCBuildConfiguration;
			buildSettings = {
				ALWAYS_SEARCH_USER_PATHS = NO;
				CLANG_ANALYZER_NONNULL = YES;
				CLANG_ANALYZER_NUMBER_OBJECT_CONVERSION = YES_AGGRESSIVE;
				CLANG_CXX_LANGUAGE_STANDARD = "gnu++14";
				CLANG_CXX_LIBRARY = "libc++";
				CLANG_ENABLE_MODULES = YES;
				CLANG_ENABLE_OBJC_ARC = YES;
				CLANG_ENABLE_OBJC_WEAK = YES;
				CLANG_WARN_BLOCK_CAPTURE_AUTORELEASING = YES;
				CLANG_WARN_BOOL_CONVERSION = YES;
				CLANG_WARN_COMMA = YES;
				CLANG_WARN_CONSTANT_CONVERSION = YES;
				CLANG_WARN_DEPRECATED_OBJC_IMPLEMENTATIONS = YES;
				CLANG_WARN_DIRECT_OBJC_ISA_USAGE = YES_ERROR;
				CLANG_WARN_DOCUMENTATION_COMMENTS = YES;
				CLANG_WARN_EMPTY_BODY = YES;
				CLANG_WARN_ENUM_CONVERSION = YES;
				CLANG_WARN_INFINITE_RECURSION = YES;
				CLANG_WARN_INT_CONVERSION = YES;
				CLANG_WARN_NON_LITERAL_NULL_CONVERSION = YES;
				CLANG_WARN_OBJC_IMPLICIT_RETAIN_SELF = YES;
				CLANG_WARN_OBJC_LITERAL_CONVERSION = YES;
				CLANG_WARN_OBJC_ROOT_CLASS = YES_ERROR;
				CLANG_WARN_RANGE_LOOP_ANALYSIS = YES;
				CLANG_WARN_STRICT_PROTOTYPES = YES;
				CLANG_WARN_SUSPICIOUS_MOVE = YES;
				CLANG_WARN_UNGUARDED_AVAILABILITY = YES_AGGRESSIVE;
				CLANG_WARN_UNREACHABLE_CODE = YES;
				CLANG_WARN__DUPLICATE_METHOD_MATCH = YES;
				CODE_SIGN_IDENTITY = "iPhone Developer";
				COPY_PHASE_STRIP = NO;
				DEBUG_INFORMATION_FORMAT = dwarf;
				ENABLE_STRICT_OBJC_MSGSEND = YES;
				ENABLE_TESTABILITY = YES;
				GCC_C_LANGUAGE_STANDARD = gnu11;
				GCC_DYNAMIC_NO_PIC = NO;
				GCC_NO_COMMON_BLOCKS = YES;
				GCC_OPTIMIZATION_LEVEL = 0;
				GCC_PREPROCESSOR_DEFINITIONS = (
					"DEBUG=1",
					"$(inherited)",
				);
				GCC_WARN_64_TO_32_BIT_CONVERSION = YES;
				GCC_WARN_ABOUT_RETURN_TYPE = YES_ERROR;
				GCC_WARN_UNDECLARED_SELECTOR = YES;
				GCC_WARN_UNINITIALIZED_AUTOS = YES_AGGRESSIVE;
				GCC_WARN_UNUSED_FUNCTION = YES;
				GCC_WARN_UNUSED_VARIABLE = YES;
				IPHONEOS_DEPLOYMENT_TARGET = 11.4;
				MTL_ENABLE_DEBUG_INFO = YES;
				ONLY_ACTIVE_ARCH = YES;
				SDKROOT = iphoneos;
				SWIFT_ACTIVE_COMPILATION_CONDITIONS = DEBUG;
				SWIFT_OPTIMIZATION_LEVEL = "-Onone";
			};
			name = Debug;
		};
		257E0B8721085FD100CC39F0 /* Release */ = {
			isa = XCBuildConfiguration;
			buildSettings = {
				ALWAYS_SEARCH_USER_PATHS = NO;
				CLANG_ANALYZER_NONNULL = YES;
				CLANG_ANALYZER_NUMBER_OBJECT_CONVERSION = YES_AGGRESSIVE;
				CLANG_CXX_LANGUAGE_STANDARD = "gnu++14";
				CLANG_CXX_LIBRARY = "libc++";
				CLANG_ENABLE_MODULES = YES;
				CLANG_ENABLE_OBJC_ARC = YES;
				CLANG_ENABLE_OBJC_WEAK = YES;
				CLANG_WARN_BLOCK_CAPTURE_AUTORELEASING = YES;
				CLANG_WARN_BOOL_CONVERSION = YES;
				CLANG_WARN_COMMA = YES;
				CLANG_WARN_CONSTANT_CONVERSION = YES;
				CLANG_WARN_DEPRECATED_OBJC_IMPLEMENTATIONS = YES;
				CLANG_WARN_DIRECT_OBJC_ISA_USAGE = YES_ERROR;
				CLANG_WARN_DOCUMENTATION_COMMENTS = YES;
				CLANG_WARN_EMPTY_BODY = YES;
				CLANG_WARN_ENUM_CONVERSION = YES;
				CLANG_WARN_INFINITE_RECURSION = YES;
				CLANG_WARN_INT_CONVERSION = YES;
				CLANG_WARN_NON_LITERAL_NULL_CONVERSION = YES;
				CLANG_WARN_OBJC_IMPLICIT_RETAIN_SELF = YES;
				CLANG_WARN_OBJC_LITERAL_CONVERSION = YES;
				CLANG_WARN_OBJC_ROOT_CLASS = YES_ERROR;
				CLANG_WARN_RANGE_LOOP_ANALYSIS = YES;
				CLANG_WARN_STRICT_PROTOTYPES = YES;
				CLANG_WARN_SUSPICIOUS_MOVE = YES;
				CLANG_WARN_UNGUARDED_AVAILABILITY = YES_AGGRESSIVE;
				CLANG_WARN_UNREACHABLE_CODE = YES;
				CLANG_WARN__DUPLICATE_METHOD_MATCH = YES;
				CODE_SIGN_IDENTITY = "iPhone Developer";
				COPY_PHASE_STRIP = NO;
				DEBUG_INFORMATION_FORMAT = "dwarf-with-dsym";
				ENABLE_NS_ASSERTIONS = NO;
				ENABLE_STRICT_OBJC_MSGSEND = YES;
				GCC_C_LANGUAGE_STANDARD = gnu11;
				GCC_NO_COMMON_BLOCKS = YES;
				GCC_WARN_64_TO_32_BIT_CONVERSION = YES;
				GCC_WARN_ABOUT_RETURN_TYPE = YES_ERROR;
				GCC_WARN_UNDECLARED_SELECTOR = YES;
				GCC_WARN_UNINITIALIZED_AUTOS = YES_AGGRESSIVE;
				GCC_WARN_UNUSED_FUNCTION = YES;
				GCC_WARN_UNUSED_VARIABLE = YES;
				IPHONEOS_DEPLOYMENT_TARGET = 11.4;
				MTL_ENABLE_DEBUG_INFO = NO;
				SDKROOT = iphoneos;
				SWIFT_COMPILATION_MODE = wholemodule;
				SWIFT_OPTIMIZATION_LEVEL = "-O";
				VALIDATE_PRODUCT = YES;
			};
			name = Release;
		};
		257E0B8921085FD100CC39F0 /* Debug */ = {
			isa = XCBuildConfiguration;
			buildSettings = {
				ASSETCATALOG_COMPILER_APPICON_NAME = AppIcon;
				CODE_SIGN_STYLE = Automatic;
				INFOPLIST_FILE = Pokedex/Info.plist;
				LD_RUNPATH_SEARCH_PATHS = (
					"$(inherited)",
					"@executable_path/Frameworks",
				);
				PRODUCT_BUNDLE_IDENTIFIER = com.develop.Pokedex;
				PRODUCT_NAME = "$(TARGET_NAME)";
				SWIFT_VERSION = 4.0;
				TARGETED_DEVICE_FAMILY = "1,2";
			};
			name = Debug;
		};
		257E0B8A21085FD100CC39F0 /* Release */ = {
			isa = XCBuildConfiguration;
			buildSettings = {
				ASSETCATALOG_COMPILER_APPICON_NAME = AppIcon;
				CODE_SIGN_STYLE = Automatic;
				INFOPLIST_FILE = Pokedex/Info.plist;
				LD_RUNPATH_SEARCH_PATHS = (
					"$(inherited)",
					"@executable_path/Frameworks",
				);
				PRODUCT_BUNDLE_IDENTIFIER = com.develop.Pokedex;
				PRODUCT_NAME = "$(TARGET_NAME)";
				SWIFT_VERSION = 4.0;
				TARGETED_DEVICE_FAMILY = "1,2";
			};
			name = Release;
		};
		257E0B8C21085FD100CC39F0 /* Debug */ = {
			isa = XCBuildConfiguration;
			buildSettings = {
				ALWAYS_EMBED_SWIFT_STANDARD_LIBRARIES = YES;
				BUNDLE_LOADER = "$(TEST_HOST)";
				CODE_SIGN_STYLE = Automatic;
				INFOPLIST_FILE = PokedexTests/Info.plist;
				LD_RUNPATH_SEARCH_PATHS = (
					"$(inherited)",
					"@executable_path/Frameworks",
					"@loader_path/Frameworks",
				);
				PRODUCT_BUNDLE_IDENTIFIER = com.develop.PokedexTests;
				PRODUCT_NAME = "$(TARGET_NAME)";
				SWIFT_VERSION = 4.0;
				TARGETED_DEVICE_FAMILY = "1,2";
				TEST_HOST = "$(BUILT_PRODUCTS_DIR)/Pokedex.app/Pokedex";
			};
			name = Debug;
		};
		257E0B8D21085FD100CC39F0 /* Release */ = {
			isa = XCBuildConfiguration;
			buildSettings = {
				ALWAYS_EMBED_SWIFT_STANDARD_LIBRARIES = YES;
				BUNDLE_LOADER = "$(TEST_HOST)";
				CODE_SIGN_STYLE = Automatic;
				INFOPLIST_FILE = PokedexTests/Info.plist;
				LD_RUNPATH_SEARCH_PATHS = (
					"$(inherited)",
					"@executable_path/Frameworks",
					"@loader_path/Frameworks",
				);
				PRODUCT_BUNDLE_IDENTIFIER = com.develop.PokedexTests;
				PRODUCT_NAME = "$(TARGET_NAME)";
				SWIFT_VERSION = 4.0;
				TARGETED_DEVICE_FAMILY = "1,2";
				TEST_HOST = "$(BUILT_PRODUCTS_DIR)/Pokedex.app/Pokedex";
			};
			name = Release;
		};
		257E0B8F21085FD100CC39F0 /* Debug */ = {
			isa = XCBuildConfiguration;
			buildSettings = {
				ALWAYS_EMBED_SWIFT_STANDARD_LIBRARIES = YES;
				CODE_SIGN_STYLE = Automatic;
				INFOPLIST_FILE = PokedexUITests/Info.plist;
				LD_RUNPATH_SEARCH_PATHS = (
					"$(inherited)",
					"@executable_path/Frameworks",
					"@loader_path/Frameworks",
				);
				PRODUCT_BUNDLE_IDENTIFIER = com.develop.PokedexUITests;
				PRODUCT_NAME = "$(TARGET_NAME)";
				SWIFT_VERSION = 4.0;
				TARGETED_DEVICE_FAMILY = "1,2";
				TEST_TARGET_NAME = Pokedex;
			};
			name = Debug;
		};
		257E0B9021085FD100CC39F0 /* Release */ = {
			isa = XCBuildConfiguration;
			buildSettings = {
				ALWAYS_EMBED_SWIFT_STANDARD_LIBRARIES = YES;
				CODE_SIGN_STYLE = Automatic;
				INFOPLIST_FILE = PokedexUITests/Info.plist;
				LD_RUNPATH_SEARCH_PATHS = (
					"$(inherited)",
					"@executable_path/Frameworks",
					"@loader_path/Frameworks",
				);
				PRODUCT_BUNDLE_IDENTIFIER = com.develop.PokedexUITests;
				PRODUCT_NAME = "$(TARGET_NAME)";
				SWIFT_VERSION = 4.0;
				TARGETED_DEVICE_FAMILY = "1,2";
				TEST_TARGET_NAME = Pokedex;
			};
			name = Release;
		};
/* End XCBuildConfiguration section */

/* Begin XCConfigurationList section */
		257E0B5B21085FCF00CC39F0 /* Build configuration list for PBXProject "Pokedex" */ = {
			isa = XCConfigurationList;
			buildConfigurations = (
				257E0B8621085FD100CC39F0 /* Debug */,
				257E0B8721085FD100CC39F0 /* Release */,
			);
			defaultConfigurationIsVisible = 0;
			defaultConfigurationName = Release;
		};
		257E0B8821085FD100CC39F0 /* Build configuration list for PBXNativeTarget "Pokedex" */ = {
			isa = XCConfigurationList;
			buildConfigurations = (
				257E0B8921085FD100CC39F0 /* Debug */,
				257E0B8A21085FD100CC39F0 /* Release */,
			);
			defaultConfigurationIsVisible = 0;
			defaultConfigurationName = Release;
		};
		257E0B8B21085FD100CC39F0 /* Build configuration list for PBXNativeTarget "PokedexTests" */ = {
			isa = XCConfigurationList;
			buildConfigurations = (
				257E0B8C21085FD100CC39F0 /* Debug */,
				257E0B8D21085FD100CC39F0 /* Release */,
			);
			defaultConfigurationIsVisible = 0;
			defaultConfigurationName = Release;
		};
		257E0B8E21085FD100CC39F0 /* Build configuration list for PBXNativeTarget "PokedexUITests" */ = {
			isa = XCConfigurationList;
			buildConfigurations = (
				257E0B8F21085FD100CC39F0 /* Debug */,
				257E0B9021085FD100CC39F0 /* Release */,
			);
			defaultConfigurationIsVisible = 0;
			defaultConfigurationName = Release;
		};
/* End XCConfigurationList section */
	};
	rootObject = 257E0B5821085FCF00CC39F0 /* Project object */;
}
